
Microsoft Visual Studio Solution File, Format Version 12.00
# Visual Studio Version 17
VisualStudioVersion = 17.14.36408.4 d17.14
MinimumVisualStudioVersion = 10.0.40219.1
Project("{FAE04EC0-301F-11D3-BF4B-00C04F79EFBC}") = "Evaluator.Core", "Evaluator.Core\Evaluator.Core.csproj", "{65470AE0-838C-4C2D-ADBF-1525CAA1F768}"
EndProject
Project("{FAE04EC0-301F-11D3-BF4B-00C04F79EFBC}") = "Evaluator.UI.Console", "Evaluator.UI.Console\Evaluator.UI.Console.csproj", "{72EC7C95-BE5B-4B80-A2FE-49810E954EED}"
EndProject
Project("{FAE04EC0-301F-11D3-BF4B-00C04F79EFBC}") = "Evaluator.UI.Windows", "Evaluator.UI.Windows\Evaluator.UI.Windows.csproj", "{64C5FDB4-74CE-4D47-BD7B-5DA0343F38DC}"
EndProject
Global
	GlobalSection(SolutionConfigurationPlatforms) = preSolution
		Debug|Any CPU = Debug|Any CPU
		Release|Any CPU = Release|Any CPU
	EndGlobalSection
	GlobalSection(ProjectConfigurationPlatforms) = postSolution
		{65470AE0-838C-4C2D-ADBF-1525CAA1F768}.Debug|Any CPU.ActiveCfg = Debug|Any CPU
		{65470AE0-838C-4C2D-ADBF-1525CAA1F768}.Debug|Any CPU.Build.0 = Debug|Any CPU
		{65470AE0-838C-4C2D-ADBF-1525CAA1F768}.Release|Any CPU.ActiveCfg = Release|Any CPU
		{65470AE0-838C-4C2D-ADBF-1525CAA1F768}.Release|Any CPU.Build.0 = Release|Any CPU
		{72EC7C95-BE5B-4B80-A2FE-49810E954EED}.Debug|Any CPU.ActiveCfg = Debug|Any CPU
		{72EC7C95-BE5B-4B80-A2FE-49810E954EED}.Debug|Any CPU.Build.0 = Debug|Any CPU
		{72EC7C95-BE5B-4B80-A2FE-49810E954EED}.Release|Any CPU.ActiveCfg = Release|Any CPU
		{72EC7C95-BE5B-4B80-A2FE-49810E954EED}.Release|Any CPU.Build.0 = Release|Any CPU
		{64C5FDB4-74CE-4D47-BD7B-5DA0343F38DC}.Debug|Any CPU.ActiveCfg = Debug|Any CPU
		{64C5FDB4-74CE-4D47-BD7B-5DA0343F38DC}.Debug|Any CPU.Build.0 = Debug|Any CPU
		{64C5FDB4-74CE-4D47-BD7B-5DA0343F38DC}.Release|Any CPU.ActiveCfg = Release|Any CPU
		{64C5FDB4-74CE-4D47-BD7B-5DA0343F38DC}.Release|Any CPU.Build.0 = Release|Any CPU
	EndGlobalSection
	GlobalSection(SolutionProperties) = preSolution
		HideSolutionNode = FALSE
	EndGlobalSection
	GlobalSection(ExtensibilityGlobals) = postSolution
		SolutionGuid = {F03C7072-FE65-447E-A097-6063BDB6BC5A}
	EndGlobalSection
EndGlobal
